
Microsoft Visual Studio Solution File, Format Version 12.00
# Visual Studio 15
VisualStudioVersion = 15.0.27703.2047
MinimumVisualStudioVersion = 10.0.40219.1
Project("{00D1A9C2-B5F0-4AF3-8072-F6C62B433612}") = "BCA_Format_Routine", "BCA_Format_Routine\BCA_Format_Routine.sqlproj", "{0E57A3E3-125F-48A4-80DB-5D763B0716E4}"
EndProject
Global
	GlobalSection(SolutionConfigurationPlatforms) = preSolution
		Debug|Any CPU = Debug|Any CPU
		Release|Any CPU = Release|Any CPU
	EndGlobalSection
	GlobalSection(ProjectConfigurationPlatforms) = postSolution
		{0E57A3E3-125F-48A4-80DB-5D763B0716E4}.Debug|Any CPU.ActiveCfg = Debug|Any CPU
		{0E57A3E3-125F-48A4-80DB-5D763B0716E4}.Debug|Any CPU.Build.0 = Debug|Any CPU
		{0E57A3E3-125F-48A4-80DB-5D763B0716E4}.Debug|Any CPU.Deploy.0 = Debug|Any CPU
		{0E57A3E3-125F-48A4-80DB-5D763B0716E4}.Release|Any CPU.ActiveCfg = Release|Any CPU
		{0E57A3E3-125F-48A4-80DB-5D763B0716E4}.Release|Any CPU.Build.0 = Release|Any CPU
		{0E57A3E3-125F-48A4-80DB-5D763B0716E4}.Release|Any CPU.Deploy.0 = Release|Any CPU
	EndGlobalSection
	GlobalSection(SolutionProperties) = preSolution
		HideSolutionNode = FALSE
	EndGlobalSection
	GlobalSection(ExtensibilityGlobals) = postSolution
		SolutionGuid = {8E3C53FB-51A5-471C-8443-6C4492E345A9}
	EndGlobalSection
EndGlobal
